
Microsoft Visual Studio Solution File, Format Version 12.00
# Visual Studio Version 16
VisualStudioVersion = 16.0.30114.105
MinimumVisualStudioVersion = 10.0.40219.1
Project("{FAE04EC0-301F-11D3-BF4B-00C04F79EFBC}") = "pierwiastek kwadratowy", "pierwiastek kwadratowy\pierwiastek kwadratowy.csproj", "{505B1D6E-6E3A-422D-A367-C943FA1EE491}"
EndProject
Global
	GlobalSection(SolutionConfigurationPlatforms) = preSolution
		Debug|Any CPU = Debug|Any CPU
		Release|Any CPU = Release|Any CPU
	EndGlobalSection
	GlobalSection(ProjectConfigurationPlatforms) = postSolution
		{505B1D6E-6E3A-422D-A367-C943FA1EE491}.Debug|Any CPU.ActiveCfg = Debug|Any CPU
		{505B1D6E-6E3A-422D-A367-C943FA1EE491}.Debug|Any CPU.Build.0 = Debug|Any CPU
		{505B1D6E-6E3A-422D-A367-C943FA1EE491}.Release|Any CPU.ActiveCfg = Release|Any CPU
		{505B1D6E-6E3A-422D-A367-C943FA1EE491}.Release|Any CPU.Build.0 = Release|Any CPU
	EndGlobalSection
	GlobalSection(SolutionProperties) = preSolution
		HideSolutionNode = FALSE
	EndGlobalSection
	GlobalSection(ExtensibilityGlobals) = postSolution
		SolutionGuid = {2D803A00-F2FC-4F0C-88E2-3BEA4FC070AC}
	EndGlobalSection
EndGlobal
